{
  "bin/bundle:247448467": [
    [64, 5, 20, "ThreadSafety/ClassInstanceVariable: Avoid class instance variables.", 2485198147]
  ],
  "lib/activesupport/tagged_logging.rb:1806330148": [
    [107, 7, 71, "Style/ClassMethodsDefinitions: Use `class << self` to define a class method.", 4229885320],
    [113, 5, 94, "Style/ClassMethodsDefinitions: Use `class << self` to define a class method.", 2148076892],
    [117, 5, 568, "Style/ClassMethodsDefinitions: Use `class << self` to define a class method.", 3239447518]
  ],
  "spec/activesupport/tagged_logging/broadcasting_spec.rb:3277960232": [
    [6, 1, 57, "RSpec/SpecFilePathFormat: Spec path should end with `active_support/tagged_logging/broadcasting*_spec.rb`.", 1213320282],
    [10, 60, 8, "RSpec/InstanceVariable: Avoid instance variables - use let, a method call, or a local variable (if possible).", 1735899787],
    [11, 60, 8, "RSpec/InstanceVariable: Avoid instance variables - use let, a method call, or a local variable (if possible).", 1735899784],
    [12, 50, 8, "RSpec/InstanceVariable: Avoid instance variables - use let, a method call, or a local variable (if possible).", 2022582432],
    [12, 60, 8, "RSpec/InstanceVariable: Avoid instance variables - use let, a method call, or a local variable (if possible).", 2022582435],
    [16, 5, 7, "RSpec/InstanceVariable: Avoid instance variables - use let, a method call, or a local variable (if possible).", 842193521],
    [16, 29, 7, "RSpec/InstanceVariable: Avoid instance variables - use let, a method call, or a local variable (if possible).", 842193521],
    [17, 40, 8, "RSpec/InstanceVariable: Avoid instance variables - use let, a method call, or a local variable (if possible).", 1735899787],
    [18, 40, 8, "RSpec/InstanceVariable: Avoid instance variables - use let, a method call, or a local variable (if possible).", 1735899787],
    [22, 5, 7, "RSpec/InstanceVariable: Avoid instance variables - use let, a method call, or a local variable (if possible).", 842193521],
    [23, 20, 7, "RSpec/InstanceVariable: Avoid instance variables - use let, a method call, or a local variable (if possible).", 842193521],
    [28, 20, 7, "RSpec/InstanceVariable: Avoid instance variables - use let, a method call, or a local variable (if possible).", 842193521],
    [35, 14, 7, "RSpec/InstanceVariable: Avoid instance variables - use let, a method call, or a local variable (if possible).", 842193521],
    [37, 40, 8, "RSpec/InstanceVariable: Avoid instance variables - use let, a method call, or a local variable (if possible).", 1735899787],
    [38, 40, 8, "RSpec/InstanceVariable: Avoid instance variables - use let, a method call, or a local variable (if possible).", 1735899784],
    [42, 5, 7, "RSpec/InstanceVariable: Avoid instance variables - use let, a method call, or a local variable (if possible).", 842193521],
    [43, 5, 7, "RSpec/InstanceVariable: Avoid instance variables - use let, a method call, or a local variable (if possible).", 842193521],
    [44, 34, 8, "RSpec/InstanceVariable: Avoid instance variables - use let, a method call, or a local variable (if possible).", 1735899787],
    [45, 34, 8, "RSpec/InstanceVariable: Avoid instance variables - use let, a method call, or a local variable (if possible).", 1735899784],
    [48, 3, 396, "RSpec/ExampleLength: Example has too many lines. [9/5]", 2646611750],
    [51, 5, 7, "RSpec/InstanceVariable: Avoid instance variables - use let, a method call, or a local variable (if possible).", 842193521],
    [53, 5, 7, "RSpec/InstanceVariable: Avoid instance variables - use let, a method call, or a local variable (if possible).", 842193521],
    [53, 29, 7, "RSpec/InstanceVariable: Avoid instance variables - use let, a method call, or a local variable (if possible).", 842193521],
    [54, 5, 7, "RSpec/InstanceVariable: Avoid instance variables - use let, a method call, or a local variable (if possible).", 842193521],
    [64, 5, 7, "RSpec/InstanceVariable: Avoid instance variables - use let, a method call, or a local variable (if possible).", 842193521],
    [66, 5, 7, "RSpec/InstanceVariable: Avoid instance variables - use let, a method call, or a local variable (if possible).", 842193521]
  ],
  "spec/activesupport/tagged_logging_spec.rb:3207691329": [
    [3, 1, 43, "RSpec/SpecFilePathFormat: Spec path should end with `active_support/tagged_logging*_spec.rb`.", 3799542693],
    [4, 3, 92, "RSpec/LeakyConstantDeclaration: Stub class constant instead of declaring explicitly.", 4160268232],
    [12, 15, 28, "RSpec/DescribedClass: Use `described_class` instead of `ActiveSupport::TaggedLogging`.", 2120788273],
    [12, 61, 7, "RSpec/InstanceVariable: Avoid instance variables - use let, a method call, or a local variable (if possible).", 833506170],
    [23, 20, 28, "RSpec/DescribedClass: Use `described_class` instead of `ActiveSupport::TaggedLogging`.", 2120788273],
    [29, 5, 7, "RSpec/InstanceVariable: Avoid instance variables - use let, a method call, or a local variable (if possible).", 842193521],
    [29, 29, 7, "RSpec/InstanceVariable: Avoid instance variables - use let, a method call, or a local variable (if possible).", 842193521],
    [30, 40, 7, "RSpec/InstanceVariable: Avoid instance variables - use let, a method call, or a local variable (if possible).", 833506170],
    [34, 5, 7, "RSpec/InstanceVariable: Avoid instance variables - use let, a method call, or a local variable (if possible).", 842193521],
    [34, 29, 7, "RSpec/InstanceVariable: Avoid instance variables - use let, a method call, or a local variable (if possible).", 842193521],
    [34, 55, 7, "RSpec/InstanceVariable: Avoid instance variables - use let, a method call, or a local variable (if possible).", 842193521],
    [35, 48, 7, "RSpec/InstanceVariable: Avoid instance variables - use let, a method call, or a local variable (if possible).", 833506170],
    [39, 5, 7, "RSpec/InstanceVariable: Avoid instance variables - use let, a method call, or a local variable (if possible).", 842193521],
    [39, 45, 7, "RSpec/InstanceVariable: Avoid instance variables - use let, a method call, or a local variable (if possible).", 842193521],
    [40, 54, 7, "RSpec/InstanceVariable: Avoid instance variables - use let, a method call, or a local variable (if possible).", 833506170],
    [44, 5, 7, "RSpec/InstanceVariable: Avoid instance variables - use let, a method call, or a local variable (if possible).", 842193521],
    [44, 41, 7, "RSpec/InstanceVariable: Avoid instance variables - use let, a method call, or a local variable (if possible).", 842193521],
    [45, 54, 7, "RSpec/InstanceVariable: Avoid instance variables - use let, a method call, or a local variable (if possible).", 833506170],
    [49, 5, 7, "RSpec/InstanceVariable: Avoid instance variables - use let, a method call, or a local variable (if possible).", 842193521],
    [49, 44, 7, "RSpec/InstanceVariable: Avoid instance variables - use let, a method call, or a local variable (if possible).", 842193521],
    [50, 54, 7, "RSpec/InstanceVariable: Avoid instance variables - use let, a method call, or a local variable (if possible).", 833506170],
    [53, 3, 393, "RSpec/ExampleLength: Example has too many lines. [9/5]", 2193592154],
    [54, 29, 7, "RSpec/InstanceVariable: Avoid instance variables - use let, a method call, or a local variable (if possible).", 842193521],
    [55, 5, 7, "RSpec/InstanceVariable: Avoid instance variables - use let, a method call, or a local variable (if possible).", 842193521],
    [56, 25, 7, "RSpec/InstanceVariable: Avoid instance variables - use let, a method call, or a local variable (if possible).", 842193521],
    [57, 5, 7, "RSpec/InstanceVariable: Avoid instance variables - use let, a method call, or a local variable (if possible).", 842193521],
    [58, 25, 7, "RSpec/InstanceVariable: Avoid instance variables - use let, a method call, or a local variable (if possible).", 842193521],
    [59, 5, 7, "RSpec/InstanceVariable: Avoid instance variables - use let, a method call, or a local variable (if possible).", 842193521],
    [60, 22, 7, "RSpec/InstanceVariable: Avoid instance variables - use let, a method call, or a local variable (if possible).", 842193521],
    [61, 5, 7, "RSpec/InstanceVariable: Avoid instance variables - use let, a method call, or a local variable (if possible).", 842193521],
    [62, 58, 7, "RSpec/InstanceVariable: Avoid instance variables - use let, a method call, or a local variable (if possible).", 833506170],
    [66, 5, 7, "RSpec/InstanceVariable: Avoid instance variables - use let, a method call, or a local variable (if possible).", 842193521],
    [67, 31, 7, "RSpec/InstanceVariable: Avoid instance variables - use let, a method call, or a local variable (if possible).", 833506170],
    [71, 5, 7, "RSpec/InstanceVariable: Avoid instance variables - use let, a method call, or a local variable (if possible).", 842193521],
    [72, 40, 7, "RSpec/InstanceVariable: Avoid instance variables - use let, a method call, or a local variable (if possible).", 833506170],
    [76, 5, 7, "RSpec/InstanceVariable: Avoid instance variables - use let, a method call, or a local variable (if possible).", 842193521],
    [76, 38, 7, "RSpec/InstanceVariable: Avoid instance variables - use let, a method call, or a local variable (if possible).", 842193521],
    [77, 40, 7, "RSpec/InstanceVariable: Avoid instance variables - use let, a method call, or a local variable (if possible).", 833506170],
    [80, 3, 330, "RSpec/ExampleLength: Example has too many lines. [8/5]", 201682679],
    [81, 5, 7, "RSpec/InstanceVariable: Avoid instance variables - use let, a method call, or a local variable (if possible).", 842193521],
    [82, 7, 10, "ThreadSafety/NewThread: Avoid starting new threads.", 3411682361],
    [83, 9, 7, "RSpec/InstanceVariable: Avoid instance variables - use let, a method call, or a local variable (if possible).", 842193521],
    [84, 9, 7, "RSpec/InstanceVariable: Avoid instance variables - use let, a method call, or a local variable (if possible).", 842193521],
    [84, 33, 7, "RSpec/InstanceVariable: Avoid instance variables - use let, a method call, or a local variable (if possible).", 842193521],
    [86, 7, 7, "RSpec/InstanceVariable: Avoid instance variables - use let, a method call, or a local variable (if possible).", 842193521],
    [88, 70, 7, "RSpec/InstanceVariable: Avoid instance variables - use let, a method call, or a local variable (if possible).", 833506170],
    [91, 3, 264, "RSpec/ExampleLength: Example has too many lines. [6/5]", 2842858387],
    [92, 5, 10, "ThreadSafety/NewThread: Avoid starting new threads.", 3411682361],
    [93, 7, 7, "RSpec/InstanceVariable: Avoid instance variables - use let, a method call, or a local variable (if possible).", 842193521],
    [94, 7, 7, "RSpec/InstanceVariable: Avoid instance variables - use let, a method call, or a local variable (if possible).", 842193521],
    [96, 5, 7, "RSpec/InstanceVariable: Avoid instance variables - use let, a method call, or a local variable (if possible).", 842193521],
    [97, 52, 7, "RSpec/InstanceVariable: Avoid instance variables - use let, a method call, or a local variable (if possible).", 833506170],
    [100, 3, 431, "RSpec/ExampleLength: Example has too many lines. [10/5]", 2500955495],
    [102, 20, 28, "RSpec/DescribedClass: Use `described_class` instead of `ActiveSupport::TaggedLogging`.", 2120788273],
    [103, 5, 7, "RSpec/InstanceVariable: Avoid instance variables - use let, a method call, or a local variable (if possible).", 842193521],
    [105, 9, 7, "RSpec/InstanceVariable: Avoid instance variables - use let, a method call, or a local variable (if possible).", 842193521],
    [109, 40, 7, "RSpec/InstanceVariable: Avoid instance variables - use let, a method call, or a local variable (if possible).", 833506170],
    [113, 3, 369, "RSpec/ExampleLength: Example has too many lines. [8/5]", 3570684745],
    [114, 20, 28, "RSpec/DescribedClass: Use `described_class` instead of `ActiveSupport::TaggedLogging`.", 2120788273],
    [114, 53, 7, "RSpec/InstanceVariable: Avoid instance variables - use let, a method call, or a local variable (if possible).", 842193521],
    [116, 5, 7, "RSpec/InstanceVariable: Avoid instance variables - use let, a method call, or a local variable (if possible).", 842193521],
    [118, 9, 7, "RSpec/InstanceVariable: Avoid instance variables - use let, a method call, or a local variable (if possible).", 842193521],
    [122, 58, 7, "RSpec/InstanceVariable: Avoid instance variables - use let, a method call, or a local variable (if possible).", 833506170],
    [125, 3, 281, "RSpec/ExampleLength: Example has too many lines. [9/5]", 2968097137],
    [126, 5, 7, "RSpec/InstanceVariable: Avoid instance variables - use let, a method call, or a local variable (if possible).", 842193521],
    [127, 7, 10, "ThreadSafety/NewThread: Avoid starting new threads.", 3411682361],
    [128, 9, 7, "RSpec/InstanceVariable: Avoid instance variables - use let, a method call, or a local variable (if possible).", 842193521],
    [129, 11, 7, "RSpec/InstanceVariable: Avoid instance variables - use let, a method call, or a local variable (if possible).", 842193521],
    [130, 11, 7, "RSpec/InstanceVariable: Avoid instance variables - use let, a method call, or a local variable (if possible).", 842193521],
    [134, 45, 7, "RSpec/InstanceVariable: Avoid instance variables - use let, a method call, or a local variable (if possible).", 833506170],
    [138, 5, 7, "RSpec/InstanceVariable: Avoid instance variables - use let, a method call, or a local variable (if possible).", 842193521],
    [139, 7, 7, "RSpec/InstanceVariable: Avoid instance variables - use let, a method call, or a local variable (if possible).", 842193521],
    [139, 33, 7, "RSpec/InstanceVariable: Avoid instance variables - use let, a method call, or a local variable (if possible).", 842193521],
    [140, 7, 7, "RSpec/InstanceVariable: Avoid instance variables - use let, a method call, or a local variable (if possible).", 842193521],
    [143, 67, 7, "RSpec/InstanceVariable: Avoid instance variables - use let, a method call, or a local variable (if possible).", 833506170],
    [148, 15, 28, "RSpec/DescribedClass: Use `described_class` instead of `ActiveSupport::TaggedLogging`.", 2120788273],
    [148, 51, 7, "RSpec/InstanceVariable: Avoid instance variables - use let, a method call, or a local variable (if possible).", 833506170],
    [150, 5, 7, "RSpec/InstanceVariable: Avoid instance variables - use let, a method call, or a local variable (if possible).", 842193521],
    [150, 29, 7, "RSpec/InstanceVariable: Avoid instance variables - use let, a method call, or a local variable (if possible).", 842193521],
    [151, 40, 7, "RSpec/InstanceVariable: Avoid instance variables - use let, a method call, or a local variable (if possible).", 833506170],
    [157, 17, 28, "RSpec/DescribedClass: Use `described_class` instead of `ActiveSupport::TaggedLogging`.", 2120788273],
    [157, 61, 7, "RSpec/InstanceVariable: Avoid instance variables - use let, a method call, or a local variable (if possible).", 833506170],
    [161, 7, 7, "RSpec/InstanceVariable: Avoid instance variables - use let, a method call, or a local variable (if possible).", 842193521],
    [162, 42, 7, "RSpec/InstanceVariable: Avoid instance variables - use let, a method call, or a local variable (if possible).", 833506170],
    [166, 7, 7, "RSpec/InstanceVariable: Avoid instance variables - use let, a method call, or a local variable (if possible).", 842193521],
    [167, 50, 7, "RSpec/InstanceVariable: Avoid instance variables - use let, a method call, or a local variable (if possible).", 833506170],
    [171, 7, 7, "RSpec/InstanceVariable: Avoid instance variables - use let, a method call, or a local variable (if possible).", 842193521],
    [172, 56, 7, "RSpec/InstanceVariable: Avoid instance variables - use let, a method call, or a local variable (if possible).", 833506170],
    [176, 7, 7, "RSpec/InstanceVariable: Avoid instance variables - use let, a method call, or a local variable (if possible).", 842193521],
    [177, 56, 7, "RSpec/InstanceVariable: Avoid instance variables - use let, a method call, or a local variable (if possible).", 833506170],
    [181, 7, 7, "RSpec/InstanceVariable: Avoid instance variables - use let, a method call, or a local variable (if possible).", 842193521],
    [182, 42, 7, "RSpec/InstanceVariable: Avoid instance variables - use let, a method call, or a local variable (if possible).", 833506170],
    [185, 5, 326, "RSpec/ExampleLength: Example has too many lines. [7/5]", 3552213162],
    [186, 16, 7, "RSpec/InstanceVariable: Avoid instance variables - use let, a method call, or a local variable (if possible).", 842193521],
    [188, 7, 10, "ThreadSafety/NewThread: Avoid starting new threads.", 3411682361],
    [195, 84, 7, "RSpec/InstanceVariable: Avoid instance variables - use let, a method call, or a local variable (if possible).", 833506170],
    [198, 5, 466, "RSpec/ExampleLength: Example has too many lines. [8/5]", 4140368208],
    [200, 22, 28, "RSpec/DescribedClass: Use `described_class` instead of `ActiveSupport::TaggedLogging`.", 2120788273],
    [202, 23, 7, "RSpec/InstanceVariable: Avoid instance variables - use let, a method call, or a local variable (if possible).", 842193521],
    [207, 42, 7, "RSpec/InstanceVariable: Avoid instance variables - use let, a method call, or a local variable (if possible).", 833506170],
    [211, 5, 401, "RSpec/ExampleLength: Example has too many lines. [6/5]", 4290236968],
    [212, 22, 28, "RSpec/DescribedClass: Use `described_class` instead of `ActiveSupport::TaggedLogging`.", 2120788273],
    [212, 55, 7, "RSpec/InstanceVariable: Avoid instance variables - use let, a method call, or a local variable (if possible).", 842193521],
    [214, 23, 7, "RSpec/InstanceVariable: Avoid instance variables - use let, a method call, or a local variable (if possible).", 842193521],
    [219, 60, 7, "RSpec/InstanceVariable: Avoid instance variables - use let, a method call, or a local variable (if possible).", 833506170],
    [223, 16, 7, "RSpec/InstanceVariable: Avoid instance variables - use let, a method call, or a local variable (if possible).", 842193521],
    [227, 69, 7, "RSpec/InstanceVariable: Avoid instance variables - use let, a method call, or a local variable (if possible).", 833506170],
    [230, 5, 490, "RSpec/ExampleLength: Example has too many lines. [7/5]", 3558996743],
    [232, 91, 7, "RSpec/InstanceVariable: Avoid instance variables - use let, a method call, or a local variable (if possible).", 842193521],
    [233, 26, 28, "RSpec/DescribedClass: Use `described_class` instead of `ActiveSupport::TaggedLogging`.", 2120788273],
    [238, 47, 7, "RSpec/InstanceVariable: Avoid instance variables - use let, a method call, or a local variable (if possible).", 833506170],
    [242, 5, 473, "RSpec/ExampleLength: Example has too many lines. [10/5]", 916804182],
    [251, 23, 28, "RSpec/DescribedClass: Use `described_class` instead of `ActiveSupport::TaggedLogging`.", 2120788273],
    [257, 7, 7, "RSpec/InstanceVariable: Avoid instance variables - use let, a method call, or a local variable (if possible).", 842193521],
    [257, 31, 7, "RSpec/InstanceVariable: Avoid instance variables - use let, a method call, or a local variable (if possible).", 842193521],
    [258, 41, 7, "RSpec/InstanceVariable: Avoid instance variables - use let, a method call, or a local variable (if possible).", 833506170]
  ]
}
